{
    "_readme": [
        "This file locks the dependencies of your project to a known state",
        "Read more about it at https://getcomposer.org/doc/01-basic-usage.md#installing-dependencies",
        "This file is @generated automatically"
    ],
    "content-hash": "4737b63ea3e7f0f495fec401c8cd1a54",
    "packages": [
        {
            "name": "tsany/pagination-library",
            "version": "v1.0.0",
            "source": {
                "type": "git",
                "url": "https://github.com/ryzen500/tsany-pagination-library.git",
                "reference": "2c63a2ddd7307fc1a9a12d43579c6955efab87d9"
            },
            "dist": {
                "type": "zip",
                "url": "https://api.github.com/repos/ryzen500/tsany-pagination-library/zipball/2c63a2ddd7307fc1a9a12d43579c6955efab87d9",
                "reference": "2c63a2ddd7307fc1a9a12d43579c6955efab87d9",
                "shasum": ""
            },
            "type": "library",
            "autoload": {
                "psr-4": {
                    "PaginationLibrary\\": "src/"
                }
            },
            "notification-url": "https://packagist.org/downloads/",
            "authors": [
                {
                    "name": "ryzen500",
                    "email": "ahmadtsani145@gmail.com"
                }
            ],
            "description": "Simple Pagination library for PHP and php framework",
            "support": {
                "issues": "https://github.com/ryzen500/tsany-pagination-library/issues",
                "source": "https://github.com/ryzen500/tsany-pagination-library/tree/v1.0.0"
            },
            "time": "2024-10-30T09:59:15+00:00"
        }
    ],
    "packages-dev": [],
    "aliases": [],
    "minimum-stability": "stable",
    "stability-flags": [],
    "prefer-stable": false,
    "prefer-lowest": false,
    "platform": [],
    "platform-dev": [],
    "plugin-api-version": "2.2.0"
}
